
Microsoft Visual Studio Solution File, Format Version 12.00
# Visual Studio Version 17
VisualStudioVersion = 17.7.34009.444
MinimumVisualStudioVersion = 10.0.40219.1
Project("{FAE04EC0-301F-11D3-BF4B-00C04F79EFBC}") = "OgrenciKayitFormu", "OgrenciKayitFormu\OgrenciKayitFormu.csproj", "{94498AEC-154E-4615-A287-CFD14BFA1D27}"
EndProject
Global
	GlobalSection(SolutionConfigurationPlatforms) = preSolution
		Debug|Any CPU = Debug|Any CPU
		Release|Any CPU = Release|Any CPU
	EndGlobalSection
	GlobalSection(ProjectConfigurationPlatforms) = postSolution
		{94498AEC-154E-4615-A287-CFD14BFA1D27}.Debug|Any CPU.ActiveCfg = Debug|Any CPU
		{94498AEC-154E-4615-A287-CFD14BFA1D27}.Debug|Any CPU.Build.0 = Debug|Any CPU
		{94498AEC-154E-4615-A287-CFD14BFA1D27}.Release|Any CPU.ActiveCfg = Release|Any CPU
		{94498AEC-154E-4615-A287-CFD14BFA1D27}.Release|Any CPU.Build.0 = Release|Any CPU
	EndGlobalSection
	GlobalSection(SolutionProperties) = preSolution
		HideSolutionNode = FALSE
	EndGlobalSection
	GlobalSection(ExtensibilityGlobals) = postSolution
		SolutionGuid = {9FCF8290-8152-4A76-97FC-FD2BBA7BC3FC}
	EndGlobalSection
EndGlobal
